
Microsoft Visual Studio Solution File, Format Version 12.00
# Visual Studio Version 17
VisualStudioVersion = 17.0.31919.166
MinimumVisualStudioVersion = 10.0.40219.1
Project("{FAE04EC0-301F-11D3-BF4B-00C04F79EFBC}") = "Homework2", "Homework2\Homework2.csproj", "{B1CA1ED9-00E9-4D0B-9973-FFD7C39C4542}"
EndProject
Global
	GlobalSection(SolutionConfigurationPlatforms) = preSolution
		Debug|Any CPU = Debug|Any CPU
		Release|Any CPU = Release|Any CPU
	EndGlobalSection
	GlobalSection(ProjectConfigurationPlatforms) = postSolution
		{B1CA1ED9-00E9-4D0B-9973-FFD7C39C4542}.Debug|Any CPU.ActiveCfg = Debug|Any CPU
		{B1CA1ED9-00E9-4D0B-9973-FFD7C39C4542}.Debug|Any CPU.Build.0 = Debug|Any CPU
		{B1CA1ED9-00E9-4D0B-9973-FFD7C39C4542}.Release|Any CPU.ActiveCfg = Release|Any CPU
		{B1CA1ED9-00E9-4D0B-9973-FFD7C39C4542}.Release|Any CPU.Build.0 = Release|Any CPU
	EndGlobalSection
	GlobalSection(SolutionProperties) = preSolution
		HideSolutionNode = FALSE
	EndGlobalSection
	GlobalSection(ExtensibilityGlobals) = postSolution
		SolutionGuid = {0B7A2125-D03B-4B63-8BB6-7EF359E264DF}
	EndGlobalSection
EndGlobal
